
Microsoft Visual Studio Solution File, Format Version 12.00
# Visual Studio Version 17
VisualStudioVersion = 17.3.32825.248
MinimumVisualStudioVersion = 10.0.40219.1
Project("{FAE04EC0-301F-11D3-BF4B-00C04F79EFBC}") = "PeliculasAPI", "PeliculasAPI\PeliculasAPI.csproj", "{136A12FD-BBF2-4382-9E1F-5E11678688A9}"
EndProject
Global
	GlobalSection(SolutionConfigurationPlatforms) = preSolution
		Debug|Any CPU = Debug|Any CPU
		Release|Any CPU = Release|Any CPU
	EndGlobalSection
	GlobalSection(ProjectConfigurationPlatforms) = postSolution
		{136A12FD-BBF2-4382-9E1F-5E11678688A9}.Debug|Any CPU.ActiveCfg = Debug|Any CPU
		{136A12FD-BBF2-4382-9E1F-5E11678688A9}.Debug|Any CPU.Build.0 = Debug|Any CPU
		{136A12FD-BBF2-4382-9E1F-5E11678688A9}.Release|Any CPU.ActiveCfg = Release|Any CPU
		{136A12FD-BBF2-4382-9E1F-5E11678688A9}.Release|Any CPU.Build.0 = Release|Any CPU
	EndGlobalSection
	GlobalSection(SolutionProperties) = preSolution
		HideSolutionNode = FALSE
	EndGlobalSection
	GlobalSection(ExtensibilityGlobals) = postSolution
		SolutionGuid = {26D91234-7FE5-4805-9E4A-8515380A81B3}
	EndGlobalSection
EndGlobal
